
Microsoft Visual Studio Solution File, Format Version 12.00
# Visual Studio 15
VisualStudioVersion = 15.0.26124.0
MinimumVisualStudioVersion = 15.0.26124.0
Project("{FAE04EC0-301F-11D3-BF4B-00C04F79EFBC}") = "Domain", "Domain\Domain.csproj", "{D745E5CD-00E1-4DAC-8BEF-41A28596A867}"
EndProject
Project("{FAE04EC0-301F-11D3-BF4B-00C04F79EFBC}") = "Application", "Application\Application.csproj", "{BF867FCC-AD66-407C-ADCE-D5EE88DDE79D}"
EndProject
Project("{FAE04EC0-301F-11D3-BF4B-00C04F79EFBC}") = "API", "API\API.csproj", "{22F33EF0-19C7-43B6-885E-F4259C0146B1}"
EndProject
Project("{FAE04EC0-301F-11D3-BF4B-00C04F79EFBC}") = "Persistence", "Persistence\Persistence.csproj", "{56797B97-9F64-4639-A396-DCFB67DC2523}"
EndProject
Global
	GlobalSection(SolutionConfigurationPlatforms) = preSolution
		Debug|Any CPU = Debug|Any CPU
		Debug|x64 = Debug|x64
		Debug|x86 = Debug|x86
		Release|Any CPU = Release|Any CPU
		Release|x64 = Release|x64
		Release|x86 = Release|x86
	EndGlobalSection
	GlobalSection(SolutionProperties) = preSolution
		HideSolutionNode = FALSE
	EndGlobalSection
	GlobalSection(ProjectConfigurationPlatforms) = postSolution
		{D745E5CD-00E1-4DAC-8BEF-41A28596A867}.Debug|Any CPU.ActiveCfg = Debug|Any CPU
		{D745E5CD-00E1-4DAC-8BEF-41A28596A867}.Debug|Any CPU.Build.0 = Debug|Any CPU
		{D745E5CD-00E1-4DAC-8BEF-41A28596A867}.Debug|x64.ActiveCfg = Debug|Any CPU
		{D745E5CD-00E1-4DAC-8BEF-41A28596A867}.Debug|x64.Build.0 = Debug|Any CPU
		{D745E5CD-00E1-4DAC-8BEF-41A28596A867}.Debug|x86.ActiveCfg = Debug|Any CPU
		{D745E5CD-00E1-4DAC-8BEF-41A28596A867}.Debug|x86.Build.0 = Debug|Any CPU
		{D745E5CD-00E1-4DAC-8BEF-41A28596A867}.Release|Any CPU.ActiveCfg = Release|Any CPU
		{D745E5CD-00E1-4DAC-8BEF-41A28596A867}.Release|Any CPU.Build.0 = Release|Any CPU
		{D745E5CD-00E1-4DAC-8BEF-41A28596A867}.Release|x64.ActiveCfg = Release|Any CPU
		{D745E5CD-00E1-4DAC-8BEF-41A28596A867}.Release|x64.Build.0 = Release|Any CPU
		{D745E5CD-00E1-4DAC-8BEF-41A28596A867}.Release|x86.ActiveCfg = Release|Any CPU
		{D745E5CD-00E1-4DAC-8BEF-41A28596A867}.Release|x86.Build.0 = Release|Any CPU
		{BF867FCC-AD66-407C-ADCE-D5EE88DDE79D}.Debug|Any CPU.ActiveCfg = Debug|Any CPU
		{BF867FCC-AD66-407C-ADCE-D5EE88DDE79D}.Debug|Any CPU.Build.0 = Debug|Any CPU
		{BF867FCC-AD66-407C-ADCE-D5EE88DDE79D}.Debug|x64.ActiveCfg = Debug|Any CPU
		{BF867FCC-AD66-407C-ADCE-D5EE88DDE79D}.Debug|x64.Build.0 = Debug|Any CPU
		{BF867FCC-AD66-407C-ADCE-D5EE88DDE79D}.Debug|x86.ActiveCfg = Debug|Any CPU
		{BF867FCC-AD66-407C-ADCE-D5EE88DDE79D}.Debug|x86.Build.0 = Debug|Any CPU
		{BF867FCC-AD66-407C-ADCE-D5EE88DDE79D}.Release|Any CPU.ActiveCfg = Release|Any CPU
		{BF867FCC-AD66-407C-ADCE-D5EE88DDE79D}.Release|Any CPU.Build.0 = Release|Any CPU
		{BF867FCC-AD66-407C-ADCE-D5EE88DDE79D}.Release|x64.ActiveCfg = Release|Any CPU
		{BF867FCC-AD66-407C-ADCE-D5EE88DDE79D}.Release|x64.Build.0 = Release|Any CPU
		{BF867FCC-AD66-407C-ADCE-D5EE88DDE79D}.Release|x86.ActiveCfg = Release|Any CPU
		{BF867FCC-AD66-407C-ADCE-D5EE88DDE79D}.Release|x86.Build.0 = Release|Any CPU
		{22F33EF0-19C7-43B6-885E-F4259C0146B1}.Debug|Any CPU.ActiveCfg = Debug|Any CPU
		{22F33EF0-19C7-43B6-885E-F4259C0146B1}.Debug|Any CPU.Build.0 = Debug|Any CPU
		{22F33EF0-19C7-43B6-885E-F4259C0146B1}.Debug|x64.ActiveCfg = Debug|Any CPU
		{22F33EF0-19C7-43B6-885E-F4259C0146B1}.Debug|x64.Build.0 = Debug|Any CPU
		{22F33EF0-19C7-43B6-885E-F4259C0146B1}.Debug|x86.ActiveCfg = Debug|Any CPU
		{22F33EF0-19C7-43B6-885E-F4259C0146B1}.Debug|x86.Build.0 = Debug|Any CPU
		{22F33EF0-19C7-43B6-885E-F4259C0146B1}.Release|Any CPU.ActiveCfg = Release|Any CPU
		{22F33EF0-19C7-43B6-885E-F4259C0146B1}.Release|Any CPU.Build.0 = Release|Any CPU
		{22F33EF0-19C7-43B6-885E-F4259C0146B1}.Release|x64.ActiveCfg = Release|Any CPU
		{22F33EF0-19C7-43B6-885E-F4259C0146B1}.Release|x64.Build.0 = Release|Any CPU
		{22F33EF0-19C7-43B6-885E-F4259C0146B1}.Release|x86.ActiveCfg = Release|Any CPU
		{22F33EF0-19C7-43B6-885E-F4259C0146B1}.Release|x86.Build.0 = Release|Any CPU
		{56797B97-9F64-4639-A396-DCFB67DC2523}.Debug|Any CPU.ActiveCfg = Debug|Any CPU
		{56797B97-9F64-4639-A396-DCFB67DC2523}.Debug|Any CPU.Build.0 = Debug|Any CPU
		{56797B97-9F64-4639-A396-DCFB67DC2523}.Debug|x64.ActiveCfg = Debug|Any CPU
		{56797B97-9F64-4639-A396-DCFB67DC2523}.Debug|x64.Build.0 = Debug|Any CPU
		{56797B97-9F64-4639-A396-DCFB67DC2523}.Debug|x86.ActiveCfg = Debug|Any CPU
		{56797B97-9F64-4639-A396-DCFB67DC2523}.Debug|x86.Build.0 = Debug|Any CPU
		{56797B97-9F64-4639-A396-DCFB67DC2523}.Release|Any CPU.ActiveCfg = Release|Any CPU
		{56797B97-9F64-4639-A396-DCFB67DC2523}.Release|Any CPU.Build.0 = Release|Any CPU
		{56797B97-9F64-4639-A396-DCFB67DC2523}.Release|x64.ActiveCfg = Release|Any CPU
		{56797B97-9F64-4639-A396-DCFB67DC2523}.Release|x64.Build.0 = Release|Any CPU
		{56797B97-9F64-4639-A396-DCFB67DC2523}.Release|x86.ActiveCfg = Release|Any CPU
		{56797B97-9F64-4639-A396-DCFB67DC2523}.Release|x86.Build.0 = Release|Any CPU
	EndGlobalSection
EndGlobal
